Microsoft Visual Studio Solution File, Format Version 7.00
Project("{FAE04EC0-301F-11D3-BF4B-00C04F79EFBC}") = "Lab7", "Lab7.csproj", "{1A63FD56-688A-4C39-8DD0-40D9E65F0496}"
EndProject
Global
	GlobalSection(SolutionConfiguration) = preSolution
		ConfigName.0 = Debug
		ConfigName.1 = Release
	EndGlobalSection
	GlobalSection(ProjectDependencies) = postSolution
	EndGlobalSection
	GlobalSection(ProjectConfiguration) = postSolution
		{1A63FD56-688A-4C39-8DD0-40D9E65F0496}.Debug.ActiveCfg = Debug|.NET
		{1A63FD56-688A-4C39-8DD0-40D9E65F0496}.Debug.Build.0 = Debug|.NET
		{1A63FD56-688A-4C39-8DD0-40D9E65F0496}.Release.ActiveCfg = Release|.NET
		{1A63FD56-688A-4C39-8DD0-40D9E65F0496}.Release.Build.0 = Release|.NET
	EndGlobalSection
	GlobalSection(ExtensibilityGlobals) = postSolution
	EndGlobalSection
	GlobalSection(ExtensibilityAddIns) = postSolution
	EndGlobalSection
EndGlobal
